
Microsoft Visual Studio Solution File, Format Version 12.00
# Visual Studio Version 16
VisualStudioVersion = 16.0.31702.278
MinimumVisualStudioVersion = 10.0.40219.1
Project("{FAE04EC0-301F-11D3-BF4B-00C04F79EFBC}") = "Project3", "Project3\Project3.csproj", "{DAE296BC-9EB5-4AD5-87AB-4A09CDEDE1DB}"
EndProject
Global
	GlobalSection(SolutionConfigurationPlatforms) = preSolution
		Debug|Any CPU = Debug|Any CPU
		Release|Any CPU = Release|Any CPU
	EndGlobalSection
	GlobalSection(ProjectConfigurationPlatforms) = postSolution
		{DAE296BC-9EB5-4AD5-87AB-4A09CDEDE1DB}.Debug|Any CPU.ActiveCfg = Debug|Any CPU
		{DAE296BC-9EB5-4AD5-87AB-4A09CDEDE1DB}.Debug|Any CPU.Build.0 = Debug|Any CPU
		{DAE296BC-9EB5-4AD5-87AB-4A09CDEDE1DB}.Release|Any CPU.ActiveCfg = Release|Any CPU
		{DAE296BC-9EB5-4AD5-87AB-4A09CDEDE1DB}.Release|Any CPU.Build.0 = Release|Any CPU
	EndGlobalSection
	GlobalSection(SolutionProperties) = preSolution
		HideSolutionNode = FALSE
	EndGlobalSection
	GlobalSection(ExtensibilityGlobals) = postSolution
		SolutionGuid = {697A883C-8ADA-4C22-AB50-C1856EDAD5BC}
	EndGlobalSection
EndGlobal
